// !$*UTF8*$!
{
	archiveVersion = 1;
	classes = {
	};
	objectVersion = 46;
	objects = {

/* Begin PBXBuildFile section */
		2C1920A91B20A60E0070388C /* InboxViewController.m in Sources */ = {isa = PBXBuildFile; fileRef = 2C1920A81B20A60E0070388C /* InboxViewController.m */; };
		2C1920BD1B20AA530070388C /* Bolts.framework in Frameworks */ = {isa = PBXBuildFile; fileRef = 2C1920B71B20AA530070388C /* Bolts.framework */; };
		2C1920BE1B20AA530070388C /* Parse.framework in Frameworks */ = {isa = PBXBuildFile; fileRef = 2C1920B81B20AA530070388C /* Parse.framework */; };
		2C1920BF1B20AA530070388C /* ParseCrashReporting.framework in Frameworks */ = {isa = PBXBuildFile; fileRef = 2C1920B91B20AA530070388C /* ParseCrashReporting.framework */; };
		2C1920C01B20AA530070388C /* ParseFacebookUtils.framework in Frameworks */ = {isa = PBXBuildFile; fileRef = 2C1920BA1B20AA530070388C /* ParseFacebookUtils.framework */; };
		2C1920C11B20AA530070388C /* ParseFacebookUtilsV4.framework in Frameworks */ = {isa = PBXBuildFile; fileRef = 2C1920BB1B20AA530070388C /* ParseFacebookUtilsV4.framework */; };
		2C1920C21B20AA530070388C /* ParseUI.framework in Frameworks */ = {isa = PBXBuildFile; fileRef = 2C1920BC1B20AA530070388C /* ParseUI.framework */; };
		2C1920CC1B20AAE30070388C /* Accounts.framework in Frameworks */ = {isa = PBXBuildFile; fileRef = 2C1920C31B20AAE30070388C /* Accounts.framework */; };
		2C1920CD1B20AAE30070388C /* AdSupport.framework in Frameworks */ = {isa = PBXBuildFile; fileRef = 2C1920C41B20AAE30070388C /* AdSupport.framework */; };
		2C1920CE1B20AAE30070388C /* AudioToolbox.framework in Frameworks */ = {isa = PBXBuildFile; fileRef = 2C1920C51B20AAE30070388C /* AudioToolbox.framework */; };
		2C1920CF1B20AAE30070388C /* CFNetwork.framework in Frameworks */ = {isa = PBXBuildFile; fileRef = 2C1920C61B20AAE30070388C /* CFNetwork.framework */; };
		2C1920D01B20AAE30070388C /* CoreGraphics.framework in Frameworks */ = {isa = PBXBuildFile; fileRef = 2C1920C71B20AAE30070388C /* CoreGraphics.framework */; };
		2C1920D11B20AAE30070388C /* CoreLocation.framework in Frameworks */ = {isa = PBXBuildFile; fileRef = 2C1920C81B20AAE30070388C /* CoreLocation.framework */; };
		2C1920D21B20AAE30070388C /* Foundation.framework in Frameworks */ = {isa = PBXBuildFile; fileRef = 2C1920C91B20AAE30070388C /* Foundation.framework */; };
		2C1920D31B20AAE30070388C /* libsqlite3.dylib in Frameworks */ = {isa = PBXBuildFile; fileRef = 2C1920CA1B20AAE30070388C /* libsqlite3.dylib */; };
		2C1920D41B20AAE30070388C /* Social.framework in Frameworks */ = {isa = PBXBuildFile; fileRef = 2C1920CB1B20AAE30070388C /* Social.framework */; };
		2C1920D61B20AB0C0070388C /* libz.dylib in Frameworks */ = {isa = PBXBuildFile; fileRef = 2C1920D51B20AB0C0070388C /* libz.dylib */; };
		2C1920D91B20AB380070388C /* Security.framework in Frameworks */ = {isa = PBXBuildFile; fileRef = 2C1920D71B20AB380070388C /* Security.framework */; };
		2C1920DA1B20AB380070388C /* StoreKit.framework in Frameworks */ = {isa = PBXBuildFile; fileRef = 2C1920D81B20AB380070388C /* StoreKit.framework */; };
		2C1920DC1B20AB490070388C /* SystemConfiguration.framework in Frameworks */ = {isa = PBXBuildFile; fileRef = 2C1920DB1B20AB490070388C /* SystemConfiguration.framework */; };
		2C1920DE1B20AB5A0070388C /* MobileCoreServices.framework in Frameworks */ = {isa = PBXBuildFile; fileRef = 2C1920DD1B20AB5A0070388C /* MobileCoreServices.framework */; };
		2C1920E01B20AB660070388C /* QuartzCore.framework in Frameworks */ = {isa = PBXBuildFile; fileRef = 2C1920DF1B20AB660070388C /* QuartzCore.framework */; };
		2C1920E31B20AEF70070388C /* LoginViewController.m in Sources */ = {isa = PBXBuildFile; fileRef = 2C1920E21B20AEF70070388C /* LoginViewController.m */; };
		2C1920E61B20AF140070388C /* SignupViewController.m in Sources */ = {isa = PBXBuildFile; fileRef = 2C1920E51B20AF140070388C /* SignupViewController.m */; };
		2C1920E91B20BDCA0070388C /* EditFriendsTableViewController.m in Sources */ = {isa = PBXBuildFile; fileRef = 2C1920E81B20BDCA0070388C /* EditFriendsTableViewController.m */; };
		2C1920EC1B20CC5B0070388C /* FriendsViewController.m in Sources */ = {isa = PBXBuildFile; fileRef = 2C1920EB1B20CC5B0070388C /* FriendsViewController.m */; };
		2C1920EF1B20E20D0070388C /* CameraViewController.m in Sources */ = {isa = PBXBuildFile; fileRef = 2C1920EE1B20E20D0070388C /* CameraViewController.m */; };
		2C9A2A2A1B16B96500CBAA39 /* main.m in Sources */ = {isa = PBXBuildFile; fileRef = 2C9A2A291B16B96500CBAA39 /* main.m */; };
		2C9A2A2D1B16B96500CBAA39 /* AppDelegate.m in Sources */ = {isa = PBXBuildFile; fileRef = 2C9A2A2C1B16B96500CBAA39 /* AppDelegate.m */; };
		2C9A2A331B16B96600CBAA39 /* Main.storyboard in Resources */ = {isa = PBXBuildFile; fileRef = 2C9A2A311B16B96500CBAA39 /* Main.storyboard */; };
		2C9A2A351B16B96600CBAA39 /* Images.xcassets in Resources */ = {isa = PBXBuildFile; fileRef = 2C9A2A341B16B96600CBAA39 /* Images.xcassets */; };
		2C9A2A381B16B96600CBAA39 /* LaunchScreen.xib in Resources */ = {isa = PBXBuildFile; fileRef = 2C9A2A361B16B96600CBAA39 /* LaunchScreen.xib */; };
		2C9A2A441B16B96600CBAA39 /* DropitTests.m in Sources */ = {isa = PBXBuildFile; fileRef = 2C9A2A431B16B96600CBAA39 /* DropitTests.m */; };
		2C9A2A531B16BB9900CBAA39 /* camera.png in Resources */ = {isa = PBXBuildFile; fileRef = 2C9A2A4D1B16BB9900CBAA39 /* camera.png */; };
		2C9A2A541B16BB9900CBAA39 /* camera@2x.png in Resources */ = {isa = PBXBuildFile; fileRef = 2C9A2A4E1B16BB9900CBAA39 /* camera@2x.png */; };
		2C9A2A551B16BB9900CBAA39 /* friends.png in Resources */ = {isa = PBXBuildFile; fileRef = 2C9A2A4F1B16BB9900CBAA39 /* friends.png */; };
		2C9A2A561B16BB9900CBAA39 /* friends@2x.png in Resources */ = {isa = PBXBuildFile; fileRef = 2C9A2A501B16BB9900CBAA39 /* friends@2x.png */; };
		2C9A2A571B16BB9900CBAA39 /* inbox.png in Resources */ = {isa = PBXBuildFile; fileRef = 2C9A2A511B16BB9900CBAA39 /* inbox.png */; };
		2C9A2A581B16BB9900CBAA39 /* inbox@2x.png in Resources */ = {isa = PBXBuildFile; fileRef = 2C9A2A521B16BB9900CBAA39 /* inbox@2x.png */; };
/* End PBXBuildFile section */

/* Begin PBXContainerItemProxy section */
		2C9A2A3E1B16B96600CBAA39 /* PBXContainerItemProxy */ = {
			isa = PBXContainerItemProxy;
			containerPortal = 2C9A2A1C1B16B96500CBAA39 /* Project object */;
			proxyType = 1;
			remoteGlobalIDString = 2C9A2A231B16B96500CBAA39;
			remoteInfo = Dropit;
		};
/* End PBXContainerItemProxy section */

/* Begin PBXFileReference section */
		2C1920A71B20A60E0070388C /* InboxViewController.h */ = {isa = PBXFileReference; fileEncoding = 4; lastKnownFileType = sourcecode.c.h; path = InboxViewController.h; sourceTree = "<group>"; };
		2C1920A81B20A60E0070388C /* InboxViewController.m */ = {isa = PBXFileReference; fileEncoding = 4; lastKnownFileType = sourcecode.c.objc; path = InboxViewController.m; sourceTree = "<group>"; };
		2C1920B71B20AA530070388C /* Bolts.framework */ = {isa = PBXFileReference; lastKnownFileType = wrapper.framework; path = Bolts.framework; sourceTree = "<group>"; };
		2C1920B81B20AA530070388C /* Parse.framework */ = {isa = PBXFileReference; lastKnownFileType = wrapper.framework; path = Parse.framework; sourceTree = "<group>"; };
		2C1920B91B20AA530070388C /* ParseCrashReporting.framework */ = {isa = PBXFileReference; lastKnownFileType = wrapper.framework; path = ParseCrashReporting.framework; sourceTree = "<group>"; };
		2C1920BA1B20AA530070388C /* ParseFacebookUtils.framework */ = {isa = PBXFileReference; lastKnownFileType = wrapper.framework; path = ParseFacebookUtils.framework; sourceTree = "<group>"; };
		2C1920BB1B20AA530070388C /* ParseFacebookUtilsV4.framework */ = {isa = PBXFileReference; lastKnownFileType = wrapper.framework; path = ParseFacebookUtilsV4.framework; sourceTree = "<group>"; };
		2C1920BC1B20AA530070388C /* ParseUI.framework */ = {isa = PBXFileReference; lastKnownFileType = wrapper.framework; path = ParseUI.framework; sourceTree = "<group>"; };
		2C1920C31B20AAE30070388C /* Accounts.framework */ = {isa = PBXFileReference; lastKnownFileType = wrapper.framework; name = Accounts.framework; path = System/Library/Frameworks/Accounts.framework; sourceTree = SDKROOT; };
		2C1920C41B20AAE30070388C /* AdSupport.framework */ = {isa = PBXFileReference; lastKnownFileType = wrapper.framework; name = AdSupport.framework; path = System/Library/Frameworks/AdSupport.framework; sourceTree = SDKROOT; };
		2C1920C51B20AAE30070388C /* AudioToolbox.framework */ = {isa = PBXFileReference; lastKnownFileType = wrapper.framework; name = AudioToolbox.framework; path = System/Library/Frameworks/AudioToolbox.framework; sourceTree = SDKROOT; };
		2C1920C61B20AAE30070388C /* CFNetwork.framework */ = {isa = PBXFileReference; lastKnownFileType = wrapper.framework; name = CFNetwork.framework; path = System/Library/Frameworks/CFNetwork.framework; sourceTree = SDKROOT; };
		2C1920C71B20AAE30070388C /* CoreGraphics.framework */ = {isa = PBXFileReference; lastKnownFileType = wrapper.framework; name = CoreGraphics.framework; path = System/Library/Frameworks/CoreGraphics.framework; sourceTree = SDKROOT; };
		2C1920C81B20AAE30070388C /* CoreLocation.framework */ = {isa = PBXFileReference; lastKnownFileType = wrapper.framework; name = CoreLocation.framework; path = System/Library/Frameworks/CoreLocation.framework; sourceTree = SDKROOT; };
		2C1920C91B20AAE30070388C /* Foundation.framework */ = {isa = PBXFileReference; lastKnownFileType = wrapper.framework; name = Foundation.framework; path = System/Library/Frameworks/Foundation.framework; sourceTree = SDKROOT; };
		2C1920CA1B20AAE30070388C /* libsqlite3.dylib */ = {isa = PBXFileReference; lastKnownFileType = "compiled.mach-o.dylib"; name = libsqlite3.dylib; path = usr/lib/libsqlite3.dylib; sourceTree = SDKROOT; };
		2C1920CB1B20AAE30070388C /* Social.framework */ = {isa = PBXFileReference; lastKnownFileType = wrapper.framework; name = Social.framework; path = System/Library/Frameworks/Social.framework; sourceTree = SDKROOT; };
		2C1920D51B20AB0C0070388C /* libz.dylib */ = {isa = PBXFileReference; lastKnownFileType = "compiled.mach-o.dylib"; name = libz.dylib; path = usr/lib/libz.dylib; sourceTree = SDKROOT; };
		2C1920D71B20AB380070388C /* Security.framework */ = {isa = PBXFileReference; lastKnownFileType = wrapper.framework; name = Security.framework; path = System/Library/Frameworks/Security.framework; sourceTree = SDKROOT; };
		2C1920D81B20AB380070388C /* StoreKit.framework */ = {isa = PBXFileReference; lastKnownFileType = wrapper.framework; name = StoreKit.framework; path = System/Library/Frameworks/StoreKit.framework; sourceTree = SDKROOT; };
		2C1920DB1B20AB490070388C /* SystemConfiguration.framework */ = {isa = PBXFileReference; lastKnownFileType = wrapper.framework; name = SystemConfiguration.framework; path = System/Library/Frameworks/SystemConfiguration.framework; sourceTree = SDKROOT; };
		2C1920DD1B20AB5A0070388C /* MobileCoreServices.framework */ = {isa = PBXFileReference; lastKnownFileType = wrapper.framework; name = MobileCoreServices.framework; path = System/Library/Frameworks/MobileCoreServices.framework; sourceTree = SDKROOT; };
		2C1920DF1B20AB660070388C /* QuartzCore.framework */ = {isa = PBXFileReference; lastKnownFileType = wrapper.framework; name = QuartzCore.framework; path = System/Library/Frameworks/QuartzCore.framework; sourceTree = SDKROOT; };
		2C1920E11B20AEF70070388C /* LoginViewController.h */ = {isa = PBXFileReference; fileEncoding = 4; lastKnownFileType = sourcecode.c.h; path = LoginViewController.h; sourceTree = "<group>"; };
		2C1920E21B20AEF70070388C /* LoginViewController.m */ = {isa = PBXFileReference; fileEncoding = 4; lastKnownFileType = sourcecode.c.objc; path = LoginViewController.m; sourceTree = "<group>"; };
		2C1920E41B20AF140070388C /* SignupViewController.h */ = {isa = PBXFileReference; fileEncoding = 4; lastKnownFileType = sourcecode.c.h; path = SignupViewController.h; sourceTree = "<group>"; };
		2C1920E51B20AF140070388C /* SignupViewController.m */ = {isa = PBXFileReference; fileEncoding = 4; lastKnownFileType = sourcecode.c.objc; path = SignupViewController.m; sourceTree = "<group>"; };
		2C1920E71B20BDCA0070388C /* EditFriendsTableViewController.h */ = {isa = PBXFileReference; fileEncoding = 4; lastKnownFileType = sourcecode.c.h; path = EditFriendsTableViewController.h; sourceTree = "<group>"; };
		2C1920E81B20BDCA0070388C /* EditFriendsTableViewController.m */ = {isa = PBXFileReference; fileEncoding = 4; lastKnownFileType = sourcecode.c.objc; path = EditFriendsTableViewController.m; sourceTree = "<group>"; };
		2C1920EA1B20CC5B0070388C /* FriendsViewController.h */ = {isa = PBXFileReference; fileEncoding = 4; lastKnownFileType = sourcecode.c.h; path = FriendsViewController.h; sourceTree = "<group>"; };
		2C1920EB1B20CC5B0070388C /* FriendsViewController.m */ = {isa = PBXFileReference; fileEncoding = 4; lastKnownFileType = sourcecode.c.objc; path = FriendsViewController.m; sourceTree = "<group>"; };
		2C1920ED1B20E20D0070388C /* CameraViewController.h */ = {isa = PBXFileReference; fileEncoding = 4; lastKnownFileType = sourcecode.c.h; path = CameraViewController.h; sourceTree = "<group>"; };
		2C1920EE1B20E20D0070388C /* CameraViewController.m */ = {isa = PBXFileReference; fileEncoding = 4; lastKnownFileType = sourcecode.c.objc; path = CameraViewController.m; sourceTree = "<group>"; };
		2C9A2A241B16B96500CBAA39 /* Dropit.app */ = {isa = PBXFileReference; explicitFileType = wrapper.application; includeInIndex = 0; path = Dropit.app; sourceTree = BUILT_PRODUCTS_DIR; };
		2C9A2A281B16B96500CBAA39 /* Info.plist */ = {isa = PBXFileReference; lastKnownFileType = text.plist.xml; path = Info.plist; sourceTree = "<group>"; };
		2C9A2A291B16B96500CBAA39 /* main.m */ = {isa = PBXFileReference; lastKnownFileType = sourcecode.c.objc; path = main.m; sourceTree = "<group>"; };
		2C9A2A2B1B16B96500CBAA39 /* AppDelegate.h */ = {isa = PBXFileReference; lastKnownFileType = sourcecode.c.h; path = AppDelegate.h; sourceTree = "<group>"; };
		2C9A2A2C1B16B96500CBAA39 /* AppDelegate.m */ = {isa = PBXFileReference; lastKnownFileType = sourcecode.c.objc; path = AppDelegate.m; sourceTree = "<group>"; };
		2C9A2A321B16B96600CBAA39 /* Base */ = {isa = PBXFileReference; lastKnownFileType = file.storyboard; name = Base; path = Base.lproj/Main.storyboard; sourceTree = "<group>"; };
		2C9A2A341B16B96600CBAA39 /* Images.xcassets */ = {isa = PBXFileReference; lastKnownFileType = folder.assetcatalog; path = Images.xcassets; sourceTree = "<group>"; };
		2C9A2A371B16B96600CBAA39 /* Base */ = {isa = PBXFileReference; lastKnownFileType = file.xib; name = Base; path = Base.lproj/LaunchScreen.xib; sourceTree = "<group>"; };
		2C9A2A3D1B16B96600CBAA39 /* DropitTests.xctest */ = {isa = PBXFileReference; explicitFileType = wrapper.cfbundle; includeInIndex = 0; path = DropitTests.xctest; sourceTree = BUILT_PRODUCTS_DIR; };
		2C9A2A421B16B96600CBAA39 /* Info.plist */ = {isa = PBXFileReference; lastKnownFileType = text.plist.xml; path = Info.plist; sourceTree = "<group>"; };
		2C9A2A431B16B96600CBAA39 /* DropitTests.m */ = {isa = PBXFileReference; lastKnownFileType = sourcecode.c.objc; path = DropitTests.m; sourceTree = "<group>"; };
		2C9A2A4D1B16BB9900CBAA39 /* camera.png */ = {isa = PBXFileReference; lastKnownFileType = image.png; name = camera.png; path = ../../Downloads/tab_bar_icons/camera.png; sourceTree = "<group>"; };
		2C9A2A4E1B16BB9900CBAA39 /* camera@2x.png */ = {isa = PBXFileReference; lastKnownFileType = image.png; name = "camera@2x.png"; path = "../../Downloads/tab_bar_icons/camera@2x.png"; sourceTree = "<group>"; };
		2C9A2A4F1B16BB9900CBAA39 /* friends.png */ = {isa = PBXFileReference; lastKnownFileType = image.png; name = friends.png; path = ../../Downloads/tab_bar_icons/friends.png; sourceTree = "<group>"; };
		2C9A2A501B16BB9900CBAA39 /* friends@2x.png */ = {isa = PBXFileReference; lastKnownFileType = image.png; name = "friends@2x.png"; path = "../../Downloads/tab_bar_icons/friends@2x.png"; sourceTree = "<group>"; };
		2C9A2A511B16BB9900CBAA39 /* inbox.png */ = {isa = PBXFileReference; lastKnownFileType = image.png; name = inbox.png; path = ../../Downloads/tab_bar_icons/inbox.png; sourceTree = "<group>"; };
		2C9A2A521B16BB9900CBAA39 /* inbox@2x.png */ = {isa = PBXFileReference; lastKnownFileType = image.png; name = "inbox@2x.png"; path = "../../Downloads/tab_bar_icons/inbox@2x.png"; sourceTree = "<group>"; };
/* End PBXFileReference section */

/* Begin PBXFrameworksBuildPhase section */
		2C9A2A211B16B96500CBAA39 /* Frameworks */ = {
			isa = PBXFrameworksBuildPhase;
			buildActionMask = 2147483647;
			files = (
				2C1920E01B20AB660070388C /* QuartzCore.framework in Frameworks */,
				2C1920DE1B20AB5A0070388C /* MobileCoreServices.framework in Frameworks */,
				2C1920DC1B20AB490070388C /* SystemConfiguration.framework in Frameworks */,
				2C1920D91B20AB380070388C /* Security.framework in Frameworks */,
				2C1920DA1B20AB380070388C /* StoreKit.framework in Frameworks */,
				2C1920D61B20AB0C0070388C /* libz.dylib in Frameworks */,
				2C1920CC1B20AAE30070388C /* Accounts.framework in Frameworks */,
				2C1920CD1B20AAE30070388C /* AdSupport.framework in Frameworks */,
				2C1920CE1B20AAE30070388C /* AudioToolbox.framework in Frameworks */,
				2C1920CF1B20AAE30070388C /* CFNetwork.framework in Frameworks */,
				2C1920D01B20AAE30070388C /* CoreGraphics.framework in Frameworks */,
				2C1920D11B20AAE30070388C /* CoreLocation.framework in Frameworks */,
				2C1920D21B20AAE30070388C /* Foundation.framework in Frameworks */,
				2C1920D31B20AAE30070388C /* libsqlite3.dylib in Frameworks */,
				2C1920D41B20AAE30070388C /* Social.framework in Frameworks */,
				2C1920C21B20AA530070388C /* ParseUI.framework in Frameworks */,
				2C1920BE1B20AA530070388C /* Parse.framework in Frameworks */,
				2C1920BF1B20AA530070388C /* ParseCrashReporting.framework in Frameworks */,
				2C1920C01B20AA530070388C /* ParseFacebookUtils.framework in Frameworks */,
				2C1920BD1B20AA530070388C /* Bolts.framework in Frameworks */,
				2C1920C11B20AA530070388C /* ParseFacebookUtilsV4.framework in Frameworks */,
			);
			runOnlyForDeploymentPostprocessing = 0;
		};
		2C9A2A3A1B16B96600CBAA39 /* Frameworks */ = {
			isa = PBXFrameworksBuildPhase;
			buildActionMask = 2147483647;
			files = (
			);
			runOnlyForDeploymentPostprocessing = 0;
		};
/* End PBXFrameworksBuildPhase section */

/* Begin PBXGroup section */
		2C1920A61B20A2BE0070388C /* images */ = {
			isa = PBXGroup;
			children = (
				2C9A2A4E1B16BB9900CBAA39 /* camera@2x.png */,
				2C9A2A4D1B16BB9900CBAA39 /* camera.png */,
				2C9A2A501B16BB9900CBAA39 /* friends@2x.png */,
				2C9A2A4F1B16BB9900CBAA39 /* friends.png */,
				2C9A2A511B16BB9900CBAA39 /* inbox.png */,
				2C9A2A521B16BB9900CBAA39 /* inbox@2x.png */,
			);
			name = images;
			sourceTree = "<group>";
		};
		2C1920B01B20AA1C0070388C /* Frameworks */ = {
			isa = PBXGroup;
			children = (
				2C1920DF1B20AB660070388C /* QuartzCore.framework */,
				2C1920DD1B20AB5A0070388C /* MobileCoreServices.framework */,
				2C1920DB1B20AB490070388C /* SystemConfiguration.framework */,
				2C1920D71B20AB380070388C /* Security.framework */,
				2C1920D81B20AB380070388C /* StoreKit.framework */,
				2C1920D51B20AB0C0070388C /* libz.dylib */,
				2C1920C31B20AAE30070388C /* Accounts.framework */,
				2C1920C41B20AAE30070388C /* AdSupport.framework */,
				2C1920C51B20AAE30070388C /* AudioToolbox.framework */,
				2C1920C61B20AAE30070388C /* CFNetwork.framework */,
				2C1920C71B20AAE30070388C /* CoreGraphics.framework */,
				2C1920C81B20AAE30070388C /* CoreLocation.framework */,
				2C1920C91B20AAE30070388C /* Foundation.framework */,
				2C1920CA1B20AAE30070388C /* libsqlite3.dylib */,
				2C1920CB1B20AAE30070388C /* Social.framework */,
				2C1920B71B20AA530070388C /* Bolts.framework */,
				2C1920B81B20AA530070388C /* Parse.framework */,
				2C1920B91B20AA530070388C /* ParseCrashReporting.framework */,
				2C1920BA1B20AA530070388C /* ParseFacebookUtils.framework */,
				2C1920BB1B20AA530070388C /* ParseFacebookUtilsV4.framework */,
				2C1920BC1B20AA530070388C /* ParseUI.framework */,
			);
			name = Frameworks;
			path = Dropit.xcodeproj;
			sourceTree = "<group>";
		};
		2C9A2A1B1B16B96500CBAA39 = {
			isa = PBXGroup;
			children = (
				2C1920A61B20A2BE0070388C /* images */,
				2C9A2A261B16B96500CBAA39 /* Dropit */,
				2C9A2A401B16B96600CBAA39 /* DropitTests */,
				2C9A2A251B16B96500CBAA39 /* Products */,
				2C1920B01B20AA1C0070388C /* Frameworks */,
			);
			sourceTree = "<group>";
		};
		2C9A2A251B16B96500CBAA39 /* Products */ = {
			isa = PBXGroup;
			children = (
				2C9A2A241B16B96500CBAA39 /* Dropit.app */,
				2C9A2A3D1B16B96600CBAA39 /* DropitTests.xctest */,
			);
			name = Products;
			sourceTree = "<group>";
		};
		2C9A2A261B16B96500CBAA39 /* Dropit */ = {
			isa = PBXGroup;
			children = (
				2C9A2A2B1B16B96500CBAA39 /* AppDelegate.h */,
				2C9A2A2C1B16B96500CBAA39 /* AppDelegate.m */,
				2C9A2A311B16B96500CBAA39 /* Main.storyboard */,
				2C1920ED1B20E20D0070388C /* CameraViewController.h */,
				2C1920EE1B20E20D0070388C /* CameraViewController.m */,
				2C1920E71B20BDCA0070388C /* EditFriendsTableViewController.h */,
				2C1920E81B20BDCA0070388C /* EditFriendsTableViewController.m */,
				2C1920EA1B20CC5B0070388C /* FriendsViewController.h */,
				2C1920EB1B20CC5B0070388C /* FriendsViewController.m */,
				2C1920E11B20AEF70070388C /* LoginViewController.h */,
				2C1920E21B20AEF70070388C /* LoginViewController.m */,
				2C1920E41B20AF140070388C /* SignupViewController.h */,
				2C1920E51B20AF140070388C /* SignupViewController.m */,
				2C1920A71B20A60E0070388C /* InboxViewController.h */,
				2C1920A81B20A60E0070388C /* InboxViewController.m */,
				2C9A2A341B16B96600CBAA39 /* Images.xcassets */,
				2C9A2A361B16B96600CBAA39 /* LaunchScreen.xib */,
				2C9A2A271B16B96500CBAA39 /* Supporting Files */,
			);
			path = Dropit;
			sourceTree = "<group>";
		};
		2C9A2A271B16B96500CBAA39 /* Supporting Files */ = {
			isa = PBXGroup;
			children = (
				2C9A2A281B16B96500CBAA39 /* Info.plist */,
				2C9A2A291B16B96500CBAA39 /* main.m */,
			);
			name = "Supporting Files";
			sourceTree = "<group>";
		};
		2C9A2A401B16B96600CBAA39 /* DropitTests */ = {
			isa = PBXGroup;
			children = (
				2C9A2A431B16B96600CBAA39 /* DropitTests.m */,
				2C9A2A411B16B96600CBAA39 /* Supporting Files */,
			);
			path = DropitTests;
			sourceTree = "<group>";
		};
		2C9A2A411B16B96600CBAA39 /* Supporting Files */ = {
			isa = PBXGroup;
			children = (
				2C9A2A421B16B96600CBAA39 /* Info.plist */,
			);
			name = "Supporting Files";
			sourceTree = "<group>";
		};
/* End PBXGroup section */

/* Begin PBXNativeTarget section */
		2C9A2A231B16B96500CBAA39 /* Dropit */ = {
			isa = PBXNativeTarget;
			buildConfigurationList = 2C9A2A471B16B96600CBAA39 /* Build configuration list for PBXNativeTarget "Dropit" */;
			buildPhases = (
				2C9A2A201B16B96500CBAA39 /* Sources */,
				2C9A2A211B16B96500CBAA39 /* Frameworks */,
				2C9A2A221B16B96500CBAA39 /* Resources */,
			);
			buildRules = (
			);
			dependencies = (
			);
			name = Dropit;
			productName = Dropit;
			productReference = 2C9A2A241B16B96500CBAA39 /* Dropit.app */;
			productType = "com.apple.product-type.application";
		};
		2C9A2A3C1B16B96600CBAA39 /* DropitTests */ = {
			isa = PBXNativeTarget;
			buildConfigurationList = 2C9A2A4A1B16B96600CBAA39 /* Build configuration list for PBXNativeTarget "DropitTests" */;
			buildPhases = (
				2C9A2A391B16B96600CBAA39 /* Sources */,
				2C9A2A3A1B16B96600CBAA39 /* Frameworks */,
				2C9A2A3B1B16B96600CBAA39 /* Resources */,
			);
			buildRules = (
			);
			dependencies = (
				2C9A2A3F1B16B96600CBAA39 /* PBXTargetDependency */,
			);
			name = DropitTests;
			productName = DropitTests;
			productReference = 2C9A2A3D1B16B96600CBAA39 /* DropitTests.xctest */;
			productType = "com.apple.product-type.bundle.unit-test";
		};
/* End PBXNativeTarget section */

/* Begin PBXProject section */
		2C9A2A1C1B16B96500CBAA39 /* Project object */ = {
			isa = PBXProject;
			attributes = {
				LastUpgradeCheck = 0630;
				ORGANIZATIONNAME = SwiftBeard;
				TargetAttributes = {
					2C9A2A231B16B96500CBAA39 = {
						CreatedOnToolsVersion = 6.3.2;
					};
					2C9A2A3C1B16B96600CBAA39 = {
						CreatedOnToolsVersion = 6.3.2;
						TestTargetID = 2C9A2A231B16B96500CBAA39;
					};
				};
			};
			buildConfigurationList = 2C9A2A1F1B16B96500CBAA39 /* Build configuration list for PBXProject "Dropit" */;
			compatibilityVersion = "Xcode 3.2";
			developmentRegion = English;
			hasScannedForEncodings = 0;
			knownRegions = (
				en,
				Base,
			);
			mainGroup = 2C9A2A1B1B16B96500CBAA39;
			productRefGroup = 2C9A2A251B16B96500CBAA39 /* Products */;
			projectDirPath = "";
			projectRoot = "";
			targets = (
				2C9A2A231B16B96500CBAA39 /* Dropit */,
				2C9A2A3C1B16B96600CBAA39 /* DropitTests */,
			);
		};
/* End PBXProject section */

/* Begin PBXResourcesBuildPhase section */
		2C9A2A221B16B96500CBAA39 /* Resources */ = {
			isa = PBXResourcesBuildPhase;
			buildActionMask = 2147483647;
			files = (
				2C9A2A331B16B96600CBAA39 /* Main.storyboard in Resources */,
				2C9A2A551B16BB9900CBAA39 /* friends.png in Resources */,
				2C9A2A561B16BB9900CBAA39 /* friends@2x.png in Resources */,
				2C9A2A541B16BB9900CBAA39 /* camera@2x.png in Resources */,
				2C9A2A571B16BB9900CBAA39 /* inbox.png in Resources */,
				2C9A2A381B16B96600CBAA39 /* LaunchScreen.xib in Resources */,
				2C9A2A531B16BB9900CBAA39 /* camera.png in Resources */,
				2C9A2A351B16B96600CBAA39 /* Images.xcassets in Resources */,
				2C9A2A581B16BB9900CBAA39 /* inbox@2x.png in Resources */,
			);
			runOnlyForDeploymentPostprocessing = 0;
		};
		2C9A2A3B1B16B96600CBAA39 /* Resources */ = {
			isa = PBXResourcesBuildPhase;
			buildActionMask = 2147483647;
			files = (
			);
			runOnlyForDeploymentPostprocessing = 0;
		};
/* End PBXResourcesBuildPhase section */

/* Begin PBXSourcesBuildPhase section */
		2C9A2A201B16B96500CBAA39 /* Sources */ = {
			isa = PBXSourcesBuildPhase;
			buildActionMask = 2147483647;
			files = (
				2C1920E31B20AEF70070388C /* LoginViewController.m in Sources */,
				2C1920A91B20A60E0070388C /* InboxViewController.m in Sources */,
				2C1920EC1B20CC5B0070388C /* FriendsViewController.m in Sources */,
				2C1920EF1B20E20D0070388C /* CameraViewController.m in Sources */,
				2C1920E91B20BDCA0070388C /* EditFriendsTableViewController.m in Sources */,
				2C9A2A2D1B16B96500CBAA39 /* AppDelegate.m in Sources */,
				2C9A2A2A1B16B96500CBAA39 /* main.m in Sources */,
				2C1920E61B20AF140070388C /* SignupViewController.m in Sources */,
			);
			runOnlyForDeploymentPostprocessing = 0;
		};
		2C9A2A391B16B96600CBAA39 /* Sources */ = {
			isa = PBXSourcesBuildPhase;
			buildActionMask = 2147483647;
			files = (
				2C9A2A441B16B96600CBAA39 /* DropitTests.m in Sources */,
			);
			runOnlyForDeploymentPostprocessing = 0;
		};
/* End PBXSourcesBuildPhase section */

/* Begin PBXTargetDependency section */
		2C9A2A3F1B16B96600CBAA39 /* PBXTargetDependency */ = {
			isa = PBXTargetDependency;
			target = 2C9A2A231B16B96500CBAA39 /* Dropit */;
			targetProxy = 2C9A2A3E1B16B96600CBAA39 /* PBXContainerItemProxy */;
		};
/* End PBXTargetDependency section */

/* Begin PBXVariantGroup section */
		2C9A2A311B16B96500CBAA39 /* Main.storyboard */ = {
			isa = PBXVariantGroup;
			children = (
				2C9A2A321B16B96600CBAA39 /* Base */,
			);
			name = Main.storyboard;
			sourceTree = "<group>";
		};
		2C9A2A361B16B96600CBAA39 /* LaunchScreen.xib */ = {
			isa = PBXVariantGroup;
			children = (
				2C9A2A371B16B96600CBAA39 /* Base */,
			);
			name = LaunchScreen.xib;
			sourceTree = "<group>";
		};
/* End PBXVariantGroup section */

/* Begin XCBuildConfiguration section */
		2C9A2A451B16B96600CBAA39 /* Debug */ = {
			isa = XCBuildConfiguration;
			buildSettings = {
				ALWAYS_SEARCH_USER_PATHS = NO;
				CLANG_CXX_LANGUAGE_STANDARD = "gnu++0x";
				CLANG_CXX_LIBRARY = "libc++";
				CLANG_ENABLE_MODULES = YES;
				CLANG_ENABLE_OBJC_ARC = YES;
				CLANG_WARN_BOOL_CONVERSION = YES;
				CLANG_WARN_CONSTANT_CONVERSION = YES;
				CLANG_WARN_DIRECT_OBJC_ISA_USAGE = YES_ERROR;
				CLANG_WARN_EMPTY_BODY = YES;
				CLANG_WARN_ENUM_CONVERSION = YES;
				CLANG_WARN_INT_CONVERSION = YES;
				CLANG_WARN_OBJC_ROOT_CLASS = YES_ERROR;
				CLANG_WARN_UNREACHABLE_CODE = YES;
				CLANG_WARN__DUPLICATE_METHOD_MATCH = YES;
				"CODE_SIGN_IDENTITY[sdk=iphoneos*]" = "iPhone Developer";
				COPY_PHASE_STRIP = NO;
				DEBUG_INFORMATION_FORMAT = "dwarf-with-dsym";
				ENABLE_STRICT_OBJC_MSGSEND = YES;
				GCC_C_LANGUAGE_STANDARD = gnu99;
				GCC_DYNAMIC_NO_PIC = NO;
				GCC_NO_COMMON_BLOCKS = YES;
				GCC_OPTIMIZATION_LEVEL = 0;
				GCC_PREPROCESSOR_DEFINITIONS = (
					"DEBUG=1",
					"$(inherited)",
				);
				GCC_SYMBOLS_PRIVATE_EXTERN = NO;
				GCC_WARN_64_TO_32_BIT_CONVERSION = YES;
				GCC_WARN_ABOUT_RETURN_TYPE = YES_ERROR;
				GCC_WARN_UNDECLARED_SELECTOR = YES;
				GCC_WARN_UNINITIALIZED_AUTOS = YES_AGGRESSIVE;
				GCC_WARN_UNUSED_FUNCTION = YES;
				GCC_WARN_UNUSED_VARIABLE = YES;
				IPHONEOS_DEPLOYMENT_TARGET = 8.3;
				MTL_ENABLE_DEBUG_INFO = YES;
				ONLY_ACTIVE_ARCH = YES;
				SDKROOT = iphoneos;
			};
			name = Debug;
		};
		2C9A2A461B16B96600CBAA39 /* Release */ = {
			isa = XCBuildConfiguration;
			buildSettings = {
				ALWAYS_SEARCH_USER_PATHS = NO;
				CLANG_CXX_LANGUAGE_STANDARD = "gnu++0x";
				CLANG_CXX_LIBRARY = "libc++";
				CLANG_ENABLE_MODULES = YES;
				CLANG_ENABLE_OBJC_ARC = YES;
				CLANG_WARN_BOOL_CONVERSION = YES;
				CLANG_WARN_CONSTANT_CONVERSION = YES;
				CLANG_WARN_DIRECT_OBJC_ISA_USAGE = YES_ERROR;
				CLANG_WARN_EMPTY_BODY = YES;
				CLANG_WARN_ENUM_CONVERSION = YES;
				CLANG_WARN_INT_CONVERSION = YES;
				CLANG_WARN_OBJC_ROOT_CLASS = YES_ERROR;
				CLANG_WARN_UNREACHABLE_CODE = YES;
				CLANG_WARN__DUPLICATE_METHOD_MATCH = YES;
				"CODE_SIGN_IDENTITY[sdk=iphoneos*]" = "iPhone Developer";
				COPY_PHASE_STRIP = NO;
				DEBUG_INFORMATION_FORMAT = "dwarf-with-dsym";
				ENABLE_NS_ASSERTIONS = NO;
				ENABLE_STRICT_OBJC_MSGSEND = YES;
				GCC_C_LANGUAGE_STANDARD = gnu99;
				GCC_NO_COMMON_BLOCKS = YES;
				GCC_WARN_64_TO_32_BIT_CONVERSION = YES;
				GCC_WARN_ABOUT_RETURN_TYPE = YES_ERROR;
				GCC_WARN_UNDECLARED_SELECTOR = YES;
				GCC_WARN_UNINITIALIZED_AUTOS = YES_AGGRESSIVE;
				GCC_WARN_UNUSED_FUNCTION = YES;
				GCC_WARN_UNUSED_VARIABLE = YES;
				IPHONEOS_DEPLOYMENT_TARGET = 8.3;
				MTL_ENABLE_DEBUG_INFO = NO;
				SDKROOT = iphoneos;
				VALIDATE_PRODUCT = YES;
			};
			name = Release;
		};
		2C9A2A481B16B96600CBAA39 /* Debug */ = {
			isa = XCBuildConfiguration;
			buildSettings = {
				ASSETCATALOG_COMPILER_APPICON_NAME = AppIcon;
				FRAMEWORK_SEARCH_PATHS = (
					"$(inherited)",
					"$(PROJECT_DIR)/Dropit.xcodeproj",
				);
				INFOPLIST_FILE = Dropit/Info.plist;
				LD_RUNPATH_SEARCH_PATHS = "$(inherited) @executable_path/Frameworks";
				PRODUCT_NAME = "$(TARGET_NAME)";
			};
			name = Debug;
		};
		2C9A2A491B16B96600CBAA39 /* Release */ = {
			isa = XCBuildConfiguration;
			buildSettings = {
				ASSETCATALOG_COMPILER_APPICON_NAME = AppIcon;
				FRAMEWORK_SEARCH_PATHS = (
					"$(inherited)",
					"$(PROJECT_DIR)/Dropit.xcodeproj",
				);
				INFOPLIST_FILE = Dropit/Info.plist;
				LD_RUNPATH_SEARCH_PATHS = "$(inherited) @executable_path/Frameworks";
				PRODUCT_NAME = "$(TARGET_NAME)";
			};
			name = Release;
		};
		2C9A2A4B1B16B96600CBAA39 /* Debug */ = {
			isa = XCBuildConfiguration;
			buildSettings = {
				BUNDLE_LOADER = "$(TEST_HOST)";
				FRAMEWORK_SEARCH_PATHS = (
					"$(SDKROOT)/Developer/Library/Frameworks",
					"$(inherited)",
				);
				GCC_PREPROCESSOR_DEFINITIONS = (
					"DEBUG=1",
					"$(inherited)",
				);
				INFOPLIST_FILE = DropitTests/Info.plist;
				LD_RUNPATH_SEARCH_PATHS = "$(inherited) @executable_path/Frameworks @loader_path/Frameworks";
				PRODUCT_NAME = "$(TARGET_NAME)";
				TEST_HOST = "$(BUILT_PRODUCTS_DIR)/Dropit.app/Dropit";
			};
			name = Debug;
		};
		2C9A2A4C1B16B96600CBAA39 /* Release */ = {
			isa = XCBuildConfiguration;
			buildSettings = {
				BUNDLE_LOADER = "$(TEST_HOST)";
				FRAMEWORK_SEARCH_PATHS = (
					"$(SDKROOT)/Developer/Library/Frameworks",
					"$(inherited)",
				);
				INFOPLIST_FILE = DropitTests/Info.plist;
				LD_RUNPATH_SEARCH_PATHS = "$(inherited) @executable_path/Frameworks @loader_path/Frameworks";
				PRODUCT_NAME = "$(TARGET_NAME)";
				TEST_HOST = "$(BUILT_PRODUCTS_DIR)/Dropit.app/Dropit";
			};
			name = Release;
		};
/* End XCBuildConfiguration section */

/* Begin XCConfigurationList section */
		2C9A2A1F1B16B96500CBAA39 /* Build configuration list for PBXProject "Dropit" */ = {
			isa = XCConfigurationList;
			buildConfigurations = (
				2C9A2A451B16B96600CBAA39 /* Debug */,
				2C9A2A461B16B96600CBAA39 /* Release */,
			);
			defaultConfigurationIsVisible = 0;
			defaultConfigurationName = Release;
		};
		2C9A2A471B16B96600CBAA39 /* Build configuration list for PBXNativeTarget "Dropit" */ = {
			isa = XCConfigurationList;
			buildConfigurations = (
				2C9A2A481B16B96600CBAA39 /* Debug */,
				2C9A2A491B16B96600CBAA39 /* Release */,
			);
			defaultConfigurationIsVisible = 0;
			defaultConfigurationName = Release;
		};
		2C9A2A4A1B16B96600CBAA39 /* Build configuration list for PBXNativeTarget "DropitTests" */ = {
			isa = XCConfigurationList;
			buildConfigurations = (
				2C9A2A4B1B16B96600CBAA39 /* Debug */,
				2C9A2A4C1B16B96600CBAA39 /* Release */,
			);
			defaultConfigurationIsVisible = 0;
			defaultConfigurationName = Release;
		};
/* End XCConfigurationList section */
	};
	rootObject = 2C9A2A1C1B16B96500CBAA39 /* Project object */;
}
